
Microsoft Visual Studio Solution File, Format Version 12.00
# Visual Studio Version 16
VisualStudioVersion = 16.0.29806.167
MinimumVisualStudioVersion = 10.0.40219.1
Project("{FAE04EC0-301F-11D3-BF4B-00C04F79EFBC}") = "Time-Management-System", "Time-Management-System\Time-Management-System.csproj", "{DFE740E0-60CC-4452-A37A-9C68C9B1C255}"
EndProject
Global
	GlobalSection(SolutionConfigurationPlatforms) = preSolution
		Debug|Any CPU = Debug|Any CPU
		Release|Any CPU = Release|Any CPU
	EndGlobalSection
	GlobalSection(ProjectConfigurationPlatforms) = postSolution
		{DFE740E0-60CC-4452-A37A-9C68C9B1C255}.Debug|Any CPU.ActiveCfg = Debug|Any CPU
		{DFE740E0-60CC-4452-A37A-9C68C9B1C255}.Debug|Any CPU.Build.0 = Debug|Any CPU
		{DFE740E0-60CC-4452-A37A-9C68C9B1C255}.Release|Any CPU.ActiveCfg = Release|Any CPU
		{DFE740E0-60CC-4452-A37A-9C68C9B1C255}.Release|Any CPU.Build.0 = Release|Any CPU
	EndGlobalSection
	GlobalSection(SolutionProperties) = preSolution
		HideSolutionNode = FALSE
	EndGlobalSection
	GlobalSection(ExtensibilityGlobals) = postSolution
		SolutionGuid = {432E26AB-AC24-4094-8AD8-353FA582A224}
	EndGlobalSection
EndGlobal
